
Microsoft Visual Studio Solution File, Format Version 12.00
# Visual Studio Version 17
VisualStudioVersion = 17.11.35303.130
MinimumVisualStudioVersion = 10.0.40219.1
Project("{FAE04EC0-301F-11D3-BF4B-00C04F79EFBC}") = "Reservoom", "Reservoom\Reservoom.csproj", "{0AFEE3C1-DECC-42E0-A1E6-993B11618784}"
EndProject
Global
	GlobalSection(SolutionConfigurationPlatforms) = preSolution
		Debug|Any CPU = Debug|Any CPU
		Release|Any CPU = Release|Any CPU
	EndGlobalSection
	GlobalSection(ProjectConfigurationPlatforms) = postSolution
		{0AFEE3C1-DECC-42E0-A1E6-993B11618784}.Debug|Any CPU.ActiveCfg = Debug|Any CPU
		{0AFEE3C1-DECC-42E0-A1E6-993B11618784}.Debug|Any CPU.Build.0 = Debug|Any CPU
		{0AFEE3C1-DECC-42E0-A1E6-993B11618784}.Release|Any CPU.ActiveCfg = Release|Any CPU
		{0AFEE3C1-DECC-42E0-A1E6-993B11618784}.Release|Any CPU.Build.0 = Release|Any CPU
	EndGlobalSection
	GlobalSection(SolutionProperties) = preSolution
		HideSolutionNode = FALSE
	EndGlobalSection
	GlobalSection(ExtensibilityGlobals) = postSolution
		SolutionGuid = {F5523CE0-8F51-478B-9683-E08E3EE2E507}
	EndGlobalSection
EndGlobal
